
Microsoft Visual Studio Solution File, Format Version 12.00
# Visual Studio 15
Project("{FAE04EC0-301F-11D3-BF4B-00C04F79EFBC}") = "Assembly-CSharp", "Assembly-CSharp.csproj", "{D04EBAEB-4DB2-F1E3-A176-954C0749027C}"
EndProject
Project("{FAE04EC0-301F-11D3-BF4B-00C04F79EFBC}") = "Assembly-CSharp-firstpass", "Assembly-CSharp-firstpass.csproj", "{47FE3FF8-5726-5FB6-D4D6-1E0E5E4C3538}"
EndProject
Project("{FAE04EC0-301F-11D3-BF4B-00C04F79EFBC}") = "Assembly-CSharp-Editor-firstpass", "Assembly-CSharp-Editor-firstpass.csproj", "{C498B7A8-C820-AFAD-E036-E7105B1B361F}"
EndProject
Global
	GlobalSection(SolutionConfigurationPlatforms) = preSolution
		Debug|Any CPU = Debug|Any CPU
		Release|Any CPU = Release|Any CPU
	EndGlobalSection
	GlobalSection(ProjectConfigurationPlatforms) = postSolution
		{D04EBAEB-4DB2-F1E3-A176-954C0749027C}.Debug|Any CPU.ActiveCfg = Debug|Any CPU
		{D04EBAEB-4DB2-F1E3-A176-954C0749027C}.Debug|Any CPU.Build.0 = Debug|Any CPU
		{D04EBAEB-4DB2-F1E3-A176-954C0749027C}.Release|Any CPU.ActiveCfg = Release|Any CPU
		{D04EBAEB-4DB2-F1E3-A176-954C0749027C}.Release|Any CPU.Build.0 = Release|Any CPU
		{47FE3FF8-5726-5FB6-D4D6-1E0E5E4C3538}.Debug|Any CPU.ActiveCfg = Debug|Any CPU
		{47FE3FF8-5726-5FB6-D4D6-1E0E5E4C3538}.Debug|Any CPU.Build.0 = Debug|Any CPU
		{47FE3FF8-5726-5FB6-D4D6-1E0E5E4C3538}.Release|Any CPU.ActiveCfg = Release|Any CPU
		{47FE3FF8-5726-5FB6-D4D6-1E0E5E4C3538}.Release|Any CPU.Build.0 = Release|Any CPU
		{C498B7A8-C820-AFAD-E036-E7105B1B361F}.Debug|Any CPU.ActiveCfg = Debug|Any CPU
		{C498B7A8-C820-AFAD-E036-E7105B1B361F}.Debug|Any CPU.Build.0 = Debug|Any CPU
		{C498B7A8-C820-AFAD-E036-E7105B1B361F}.Release|Any CPU.ActiveCfg = Release|Any CPU
		{C498B7A8-C820-AFAD-E036-E7105B1B361F}.Release|Any CPU.Build.0 = Release|Any CPU
	EndGlobalSection
	GlobalSection(SolutionProperties) = preSolution
		HideSolutionNode = FALSE
	EndGlobalSection
EndGlobal
